
Microsoft Visual Studio Solution File, Format Version 12.00
# Visual Studio Version 17
VisualStudioVersion = 17.0.32112.339
MinimumVisualStudioVersion = 10.0.40219.1
Project("{FAE04EC0-301F-11D3-BF4B-00C04F79EFBC}") = "dllCartao", "dllCartao\dllCartao.csproj", "{2D0131CF-0F8F-4CE6-8969-DCBDBF34DAEB}"
EndProject
Global
	GlobalSection(SolutionConfigurationPlatforms) = preSolution
		Debug|Any CPU = Debug|Any CPU
		Release|Any CPU = Release|Any CPU
	EndGlobalSection
	GlobalSection(ProjectConfigurationPlatforms) = postSolution
		{2D0131CF-0F8F-4CE6-8969-DCBDBF34DAEB}.Debug|Any CPU.ActiveCfg = Debug|Any CPU
		{2D0131CF-0F8F-4CE6-8969-DCBDBF34DAEB}.Debug|Any CPU.Build.0 = Debug|Any CPU
		{2D0131CF-0F8F-4CE6-8969-DCBDBF34DAEB}.Release|Any CPU.ActiveCfg = Release|Any CPU
		{2D0131CF-0F8F-4CE6-8969-DCBDBF34DAEB}.Release|Any CPU.Build.0 = Release|Any CPU
	EndGlobalSection
	GlobalSection(SolutionProperties) = preSolution
		HideSolutionNode = FALSE
	EndGlobalSection
	GlobalSection(ExtensibilityGlobals) = postSolution
		SolutionGuid = {D4807510-B1BA-4D33-8183-E4D51B834555}
	EndGlobalSection
EndGlobal
