
Microsoft Visual Studio Solution File, Format Version 12.00
# Visual Studio Version 17
VisualStudioVersion = 17.0.32112.339
MinimumVisualStudioVersion = 10.0.40219.1
Project("{FAE04EC0-301F-11D3-BF4B-00C04F79EFBC}") = "tp03-wecton-228550", "tp03-wecton-228550\tp03-wecton-228550.csproj", "{8F712311-8663-465C-86A4-2C9BBA9A4186}"
EndProject
Global
	GlobalSection(SolutionConfigurationPlatforms) = preSolution
		Debug|Any CPU = Debug|Any CPU
		Release|Any CPU = Release|Any CPU
	EndGlobalSection
	GlobalSection(ProjectConfigurationPlatforms) = postSolution
		{8F712311-8663-465C-86A4-2C9BBA9A4186}.Debug|Any CPU.ActiveCfg = Debug|Any CPU
		{8F712311-8663-465C-86A4-2C9BBA9A4186}.Debug|Any CPU.Build.0 = Debug|Any CPU
		{8F712311-8663-465C-86A4-2C9BBA9A4186}.Release|Any CPU.ActiveCfg = Release|Any CPU
		{8F712311-8663-465C-86A4-2C9BBA9A4186}.Release|Any CPU.Build.0 = Release|Any CPU
	EndGlobalSection
	GlobalSection(SolutionProperties) = preSolution
		HideSolutionNode = FALSE
	EndGlobalSection
	GlobalSection(ExtensibilityGlobals) = postSolution
		SolutionGuid = {16DB3B2B-64A0-4C19-A2C2-1CC30F82E6A1}
	EndGlobalSection
EndGlobal
