
Microsoft Visual Studio Solution File, Format Version 12.00
# Visual Studio Version 17
VisualStudioVersion = 17.0.32112.339
MinimumVisualStudioVersion = 10.0.40219.1
Project("{FAE04EC0-301F-11D3-BF4B-00C04F79EFBC}") = "tp-02-wecton-228550", "tp-02-wecton-228550\tp-02-wecton-228550.csproj", "{008D6AE6-2C08-4171-A04F-7DF081B9402E}"
EndProject
Global
	GlobalSection(SolutionConfigurationPlatforms) = preSolution
		Debug|Any CPU = Debug|Any CPU
		Release|Any CPU = Release|Any CPU
	EndGlobalSection
	GlobalSection(ProjectConfigurationPlatforms) = postSolution
		{008D6AE6-2C08-4171-A04F-7DF081B9402E}.Debug|Any CPU.ActiveCfg = Debug|Any CPU
		{008D6AE6-2C08-4171-A04F-7DF081B9402E}.Debug|Any CPU.Build.0 = Debug|Any CPU
		{008D6AE6-2C08-4171-A04F-7DF081B9402E}.Release|Any CPU.ActiveCfg = Release|Any CPU
		{008D6AE6-2C08-4171-A04F-7DF081B9402E}.Release|Any CPU.Build.0 = Release|Any CPU
	EndGlobalSection
	GlobalSection(SolutionProperties) = preSolution
		HideSolutionNode = FALSE
	EndGlobalSection
	GlobalSection(ExtensibilityGlobals) = postSolution
		SolutionGuid = {4376F364-7A2F-4BBF-90A0-468520D26A15}
	EndGlobalSection
EndGlobal
