
Microsoft Visual Studio Solution File, Format Version 12.00
# Visual Studio Version 17
VisualStudioVersion = 17.0.32112.339
MinimumVisualStudioVersion = 10.0.40219.1
Project("{FAE04EC0-301F-11D3-BF4B-00C04F79EFBC}") = "aula04", "aula04\aula04.csproj", "{1CB16F1E-31A6-486F-8116-9B1ECD9F34D3}"
EndProject
Global
	GlobalSection(SolutionConfigurationPlatforms) = preSolution
		Debug|Any CPU = Debug|Any CPU
		Release|Any CPU = Release|Any CPU
	EndGlobalSection
	GlobalSection(ProjectConfigurationPlatforms) = postSolution
		{1CB16F1E-31A6-486F-8116-9B1ECD9F34D3}.Debug|Any CPU.ActiveCfg = Debug|Any CPU
		{1CB16F1E-31A6-486F-8116-9B1ECD9F34D3}.Debug|Any CPU.Build.0 = Debug|Any CPU
		{1CB16F1E-31A6-486F-8116-9B1ECD9F34D3}.Release|Any CPU.ActiveCfg = Release|Any CPU
		{1CB16F1E-31A6-486F-8116-9B1ECD9F34D3}.Release|Any CPU.Build.0 = Release|Any CPU
	EndGlobalSection
	GlobalSection(SolutionProperties) = preSolution
		HideSolutionNode = FALSE
	EndGlobalSection
	GlobalSection(ExtensibilityGlobals) = postSolution
		SolutionGuid = {965D9339-C843-4A02-854E-A9327EBFC9C0}
	EndGlobalSection
EndGlobal
