
Microsoft Visual Studio Solution File, Format Version 12.00
# Visual Studio Version 17
VisualStudioVersion = 17.0.32112.339
MinimumVisualStudioVersion = 10.0.40219.1
Project("{FAE04EC0-301F-11D3-BF4B-00C04F79EFBC}") = "tp08-wecton-228550", "tp08-wecton-228550\tp08-wecton-228550.csproj", "{524632DE-0428-46B1-9845-931045F9E6A1}"
EndProject
Global
	GlobalSection(SolutionConfigurationPlatforms) = preSolution
		Debug|Any CPU = Debug|Any CPU
		Release|Any CPU = Release|Any CPU
	EndGlobalSection
	GlobalSection(ProjectConfigurationPlatforms) = postSolution
		{524632DE-0428-46B1-9845-931045F9E6A1}.Debug|Any CPU.ActiveCfg = Debug|Any CPU
		{524632DE-0428-46B1-9845-931045F9E6A1}.Debug|Any CPU.Build.0 = Debug|Any CPU
		{524632DE-0428-46B1-9845-931045F9E6A1}.Release|Any CPU.ActiveCfg = Release|Any CPU
		{524632DE-0428-46B1-9845-931045F9E6A1}.Release|Any CPU.Build.0 = Release|Any CPU
	EndGlobalSection
	GlobalSection(SolutionProperties) = preSolution
		HideSolutionNode = FALSE
	EndGlobalSection
	GlobalSection(ExtensibilityGlobals) = postSolution
		SolutionGuid = {87D4BA01-D1BF-4627-A5B9-04C38B534830}
	EndGlobalSection
EndGlobal
